<?xml version="1.0" encoding="utf-8"?>
<Project ToolsVersion="4.0" xmlns="http://schemas.microsoft.com/developer/msbuild/2003">
  <ItemGroup>
    <Filter Include="Исходные файлы">
      <UniqueIdentifier>{4FC737F1-C7A5-4376-A066-2A32D752A2FF}</UniqueIdentifier>
      <Extensions>cpp;c;cc;cxx;def;odl;idl;hpj;bat;asm;asmx</Extensions>
    </Filter>
    <Filter Include="Файлы заголовков">
      <UniqueIdentifier>{93995380-89BD-4b04-88EB-625FBE52EBFB}</UniqueIdentifier>
      <Extensions>h;hh;hpp;hxx;hm;inl;inc;ipp;xsd</Extensions>
    </Filter>
    <Filter Include="Файлы ресурсов">
      <UniqueIdentifier>{67DA6AB6-F800-4c08-8B7A-83BB121AAD01}</UniqueIdentifier>
      <Extensions>rc;ico;cur;bmp;dlg;rc2;rct;bin;rgs;gif;jpg;jpeg;jpe;resx;tiff;tif;png;wav;mfcribbon-ms</Extensions>
    </Filter>
  </ItemGroup>
  <ItemGroup>
    <Image Include="source\images\background.jpg">
      <Filter>Файлы ресурсов</Filter>
    </Image>
    <Image Include="source\images\Bomb.png">
      <Filter>Файлы ресурсов</Filter>
    </Image>
    <Image Include="source\images\Death.png">
      <Filter>Файлы ресурсов</Filter>
    </Image>
    <Image Include="source\images\icon.jpg">
      <Filter>Файлы ресурсов</Filter>
    </Image>
    <Image Include="source\images\Man.png">
      <Filter>Файлы ресурсов</Filter>
    </Image>
    <Image Include="source\images\Menu.jpg">
      <Filter>Файлы ресурсов</Filter>
    </Image>
    <Image Include="source\images\Tileset.png">
      <Filter>Файлы ресурсов</Filter>
    </Image>
  </ItemGroup>
  <ItemGroup>
    <ClCompile Include="src\Bar.cpp">
      <Filter>Исходные файлы</Filter>
    </ClCompile>
    <ClCompile Include="src\Bomb.cpp">
      <Filter>Исходные файлы</Filter>
    </ClCompile>
    <ClCompile Include="src\Bonus.cpp">
      <Filter>Исходные файлы</Filter>
    </ClCompile>
    <ClCompile Include="src\Bot.cpp">
      <Filter>Исходные файлы</Filter>
    </ClCompile>
    <ClCompile Include="src\DesBar.cpp">
      <Filter>Исходные файлы</Filter>
    </ClCompile>
    <ClCompile Include="src\DesPlayer.cpp">
      <Filter>Исходные файлы</Filter>
    </ClCompile>
    <ClCompile Include="src\Flame.cpp">
      <Filter>Исходные файлы</Filter>
    </ClCompile>
    <ClCompile Include="src\Game.cpp">
      <Filter>Исходные файлы</Filter>
    </ClCompile>
    <ClCompile Include="src\Map.cpp">
      <Filter>Исходные файлы</Filter>
    </ClCompile>
    <ClCompile Include="src\Menu.cpp">
      <Filter>Исходные файлы</Filter>
    </ClCompile>
    <ClCompile Include="src\Object.cpp">
      <Filter>Исходные файлы</Filter>
    </ClCompile>
    <ClCompile Include="src\Player1.cpp">
      <Filter>Исходные файлы</Filter>
    </ClCompile>
    <ClCompile Include="src\Player2.cpp">
      <Filter>Исходные файлы</Filter>
    </ClCompile>
    <ClCompile Include="src\Source.cpp">
      <Filter>Исходные файлы</Filter>
    </ClCompile>
    <ClCompile Include="src\Texture.cpp">
      <Filter>Исходные файлы</Filter>
    </ClCompile>
    <ClCompile Include="src\Unit.cpp">
      <Filter>Исходные файлы</Filter>
    </ClCompile>
    <ClCompile Include="src\Wall.cpp">
      <Filter>Исходные файлы</Filter>
    </ClCompile>
  </ItemGroup>
  <ItemGroup>
    <ClInclude Include="src\Bar.h">
      <Filter>Файлы заголовков</Filter>
    </ClInclude>
    <ClInclude Include="src\Bomb.h">
      <Filter>Файлы заголовков</Filter>
    </ClInclude>
    <ClInclude Include="src\Bonus.h">
      <Filter>Файлы заголовков</Filter>
    </ClInclude>
    <ClInclude Include="src\Bot.h">
      <Filter>Файлы заголовков</Filter>
    </ClInclude>
    <ClInclude Include="src\DesBar.h">
      <Filter>Файлы заголовков</Filter>
    </ClInclude>
    <ClInclude Include="src\DesPlayer.h">
      <Filter>Файлы заголовков</Filter>
    </ClInclude>
    <ClInclude Include="src\Flame.h">
      <Filter>Файлы заголовков</Filter>
    </ClInclude>
    <ClInclude Include="src\Game.h">
      <Filter>Файлы заголовков</Filter>
    </ClInclude>
    <ClInclude Include="src\Map.h">
      <Filter>Файлы заголовков</Filter>
    </ClInclude>
    <ClInclude Include="src\Menu.h">
      <Filter>Файлы заголовков</Filter>
    </ClInclude>
    <ClInclude Include="src\Object.h">
      <Filter>Файлы заголовков</Filter>
    </ClInclude>
    <ClInclude Include="src\Player1.h">
      <Filter>Файлы заголовков</Filter>
    </ClInclude>
    <ClInclude Include="src\Player2.h">
      <Filter>Файлы заголовков</Filter>
    </ClInclude>
    <ClInclude Include="src\Texture.h">
      <Filter>Файлы заголовков</Filter>
    </ClInclude>
    <ClInclude Include="src\Unit.h">
      <Filter>Файлы заголовков</Filter>
    </ClInclude>
    <ClInclude Include="src\Wall.h">
      <Filter>Файлы заголовков</Filter>
    </ClInclude>
  </ItemGroup>
</Project>